# This file is automatically @generated by Poetry 2.2.1 and should not be changed by hand.

[[package]]
name = "asgiref"
version = "3.8.1"
description = "ASGI specs, helper code, and adapters"
optional = false
python-versions = ">=3.8"
groups = ["main"]
files = [
    {file = "asgiref-3.8.1-py3-none-any.whl", hash = "sha256:3e1e3ecc849832fe52ccf2cb6686b7a55f82bb1d6aee72a58826471390335e47"},
    {file = "asgiref-3.8.1.tar.gz", hash = "sha256:c343bd80a0bec947a9860adb4c432ffa7db769836c64238fc34bdc3fec84d590"},
]

[package.extras]
tests = ["mypy (>=0.800)", "pytest", "pytest-asyncio"]

[[package]]
name = "django"
version = "5.1.6"
description = "A high-level Python web framework that encourages rapid development and clean, pragmatic design."
optional = false
python-versions = ">=3.10"
groups = ["main"]
files = [
    {file = "Django-5.1.6-py3-none-any.whl", hash = "sha256:8d203400bc2952fbfb287c2bbda630297d654920c72a73cc82a9ad7926feaad5"},
    {file = "Django-5.1.6.tar.gz", hash = "sha256:1e39eafdd1b185e761d9fab7a9f0b9fa00af1b37b25ad980a8aa0dac13535690"},
]

[package.dependencies]
asgiref = ">=3.8.1,<4"
sqlparse = ">=0.3.1"
tzdata = {version = "*", markers = "sys_platform == \"win32\""}

[package.extras]
argon2 = ["argon2-cffi (>=19.1.0)"]
bcrypt = ["bcrypt"]

[[package]]
name = "django-stubs"
version = "5.1.3"
description = "Mypy stubs for Django"
optional = false
python-versions = ">=3.8"
groups = ["main"]
files = [
    {file = "django_stubs-5.1.3-py3-none-any.whl", hash = "sha256:716758ced158b439213062e52de6df3cff7c586f9f9ad7ab59210efbea5dfe78"},
    {file = "django_stubs-5.1.3.tar.gz", hash = "sha256:8c230bc5bebee6da282ba8a27ad1503c84a0c4cd2f46e63d149e76d2a63e639a"},
]

[package.dependencies]
asgiref = "*"
django = "*"
django-stubs-ext = ">=5.1.3"
types-PyYAML = "*"
typing-extensions = ">=4.11.0"

[package.extras]
compatible-mypy = ["mypy (>=1.12,<1.16)"]
oracle = ["oracledb"]
redis = ["redis"]

[[package]]
name = "django-stubs-ext"
version = "5.1.3"
description = "Monkey-patching and extensions for django-stubs"
optional = false
python-versions = ">=3.8"
groups = ["main"]
files = [
    {file = "django_stubs_ext-5.1.3-py3-none-any.whl", hash = "sha256:64561fbc53e963cc1eed2c8eb27e18b8e48dcb90771205180fe29fc8a59e55fd"},
    {file = "django_stubs_ext-5.1.3.tar.gz", hash = "sha256:3e60f82337f0d40a362f349bf15539144b96e4ceb4dbd0239be1cd71f6a74ad0"},
]

[package.dependencies]
django = "*"
typing-extensions = "*"

[[package]]
name = "djangorestframework"
version = "3.15.2"
description = "Web APIs for Django, made easy."
optional = false
python-versions = ">=3.8"
groups = ["main"]
files = [
    {file = "djangorestframework-3.15.2-py3-none-any.whl", hash = "sha256:2b8871b062ba1aefc2de01f773875441a961fefbf79f5eed1e32b2f096944b20"},
    {file = "djangorestframework-3.15.2.tar.gz", hash = "sha256:36fe88cd2d6c6bec23dca9804bab2ba5517a8bb9d8f47ebc68981b56840107ad"},
]

[package.dependencies]
django = ">=4.2"

[[package]]
name = "gunicorn"
version = "22.0.0"
description = "WSGI HTTP Server for UNIX"
optional = false
python-versions = ">=3.7"
groups = ["main"]
files = [
    {file = "gunicorn-22.0.0-py3-none-any.whl", hash = "sha256:350679f91b24062c86e386e198a15438d53a7a8207235a78ba1b53df4c4378d9"},
    {file = "gunicorn-22.0.0.tar.gz", hash = "sha256:4a0b436239ff76fb33f11c07a16482c521a7e09c1ce3cc293c2330afe01bec63"},
]

[package.dependencies]
packaging = "*"

[package.extras]
eventlet = ["eventlet (>=0.24.1,!=0.36.0)"]
gevent = ["gevent (>=1.4.0)"]
setproctitle = ["setproctitle"]
testing = ["coverage", "eventlet", "gevent", "pytest", "pytest-cov"]
tornado = ["tornado (>=0.2)"]

[[package]]
name = "msgspec"
version = "0.18.6"
description = "A fast serialization and validation library, with builtin support for JSON, MessagePack, YAML, and TOML."
optional = false
python-versions = ">=3.8"
groups = ["main"]
files = [
    {file = "msgspec-0.18.6-cp310-cp310-macosx_10_9_x86_64.whl", hash = "sha256:77f30b0234eceeff0f651119b9821ce80949b4d667ad38f3bfed0d0ebf9d6d8f"},
    {file = "msgspec-0.18.6-cp310-cp310-macosx_11_0_arm64.whl", hash = "sha256:1a76b60e501b3932782a9da039bd1cd552b7d8dec54ce38332b87136c64852dd"},
    {file = "msgspec-0.18.6-cp310-cp310-manylinux_2_17_aarch64.manylinux2014_aarch64.whl", hash = "sha256:06acbd6edf175bee0e36295d6b0302c6de3aaf61246b46f9549ca0041a9d7177"},
    {file = "msgspec-0.18.6-cp310-cp310-manylinux_2_17_x86_64.manylinux2014_x86_64.whl", hash = "sha256:40a4df891676d9c28a67c2cc39947c33de516335680d1316a89e8f7218660410"},
    {file = "msgspec-0.18.6-cp310-cp310-musllinux_1_1_aarch64.whl", hash = "sha256:a6896f4cd5b4b7d688018805520769a8446df911eb93b421c6c68155cdf9dd5a"},
    {file = "msgspec-0.18.6-cp310-cp310-musllinux_1_1_x86_64.whl", hash = "sha256:3ac4dd63fd5309dd42a8c8c36c1563531069152be7819518be0a9d03be9788e4"},
    {file = "msgspec-0.18.6-cp310-cp310-win_amd64.whl", hash = "sha256:fda4c357145cf0b760000c4ad597e19b53adf01382b711f281720a10a0fe72b7"},
    {file = "msgspec-0.18.6-cp311-cp311-macosx_10_9_x86_64.whl", hash = "sha256:e77e56ffe2701e83a96e35770c6adb655ffc074d530018d1b584a8e635b4f36f"},
    {file = "msgspec-0.18.6-cp311-cp311-macosx_11_0_arm64.whl", hash = "sha256:d5351afb216b743df4b6b147691523697ff3a2fc5f3d54f771e91219f5c23aaa"},
    {file = "msgspec-0.18.6-cp311-cp311-manylinux_2_17_aarch64.manylinux2014_aarch64.whl", hash = "sha256:c3232fabacef86fe8323cecbe99abbc5c02f7698e3f5f2e248e3480b66a3596b"},
    {file = "msgspec-0.18.6-cp311-cp311-manylinux_2_17_x86_64.manylinux2014_x86_64.whl", hash = "sha256:e3b524df6ea9998bbc99ea6ee4d0276a101bcc1aa8d14887bb823914d9f60d07"},
    {file = "msgspec-0.18.6-cp311-cp311-musllinux_1_1_aarch64.whl", hash = "sha256:37f67c1d81272131895bb20d388dd8d341390acd0e192a55ab02d4d6468b434c"},
    {file = "msgspec-0.18.6-cp311-cp311-musllinux_1_1_x86_64.whl", hash = "sha256:d0feb7a03d971c1c0353de1a8fe30bb6579c2dc5ccf29b5f7c7ab01172010492"},
    {file = "msgspec-0.18.6-cp311-cp311-win_amd64.whl", hash = "sha256:41cf758d3f40428c235c0f27bc6f322d43063bc32da7b9643e3f805c21ed57b4"},
    {file = "msgspec-0.18.6-cp312-cp312-macosx_10_9_x86_64.whl", hash = "sha256:d86f5071fe33e19500920333c11e2267a31942d18fed4d9de5bc2fbab267d28c"},
    {file = "msgspec-0.18.6-cp312-cp312-macosx_11_0_arm64.whl", hash = "sha256:ce13981bfa06f5eb126a3a5a38b1976bddb49a36e4f46d8e6edecf33ccf11df1"},
    {file = "msgspec-0.18.6-cp312-cp312-manylinux_2_17_aarch64.manylinux2014_aarch64.whl", hash = "sha256:e97dec6932ad5e3ee1e3c14718638ba333befc45e0661caa57033cd4cc489466"},
    {file = "msgspec-0.18.6-cp312-cp312-manylinux_2_17_x86_64.manylinux2014_x86_64.whl", hash = "sha256:ad237100393f637b297926cae1868b0d500f764ccd2f0623a380e2bcfb2809ca"},
    {file = "msgspec-0.18.6-cp312-cp312-musllinux_1_1_aarch64.whl", hash = "sha256:db1d8626748fa5d29bbd15da58b2d73af25b10aa98abf85aab8028119188ed57"},
    {file = "msgspec-0.18.6-cp312-cp312-musllinux_1_1_x86_64.whl", hash = "sha256:d70cb3d00d9f4de14d0b31d38dfe60c88ae16f3182988246a9861259c6722af6"},
    {file = "msgspec-0.18.6-cp312-cp312-win_amd64.whl", hash = "sha256:1003c20bfe9c6114cc16ea5db9c5466e49fae3d7f5e2e59cb70693190ad34da0"},
    {file = "msgspec-0.18.6-cp38-cp38-macosx_10_9_x86_64.whl", hash = "sha256:f7d9faed6dfff654a9ca7d9b0068456517f63dbc3aa704a527f493b9200b210a"},
    {file = "msgspec-0.18.6-cp38-cp38-macosx_11_0_arm64.whl", hash = "sha256:9da21f804c1a1471f26d32b5d9bc0480450ea77fbb8d9db431463ab64aaac2cf"},
    {file = "msgspec-0.18.6-cp38-cp38-manylinux_2_17_aarch64.manylinux2014_aarch64.whl", hash = "sha256:46eb2f6b22b0e61c137e65795b97dc515860bf6ec761d8fb65fdb62aa094ba61"},
    {file = "msgspec-0.18.6-cp38-cp38-manylinux_2_17_x86_64.manylinux2014_x86_64.whl", hash = "sha256:c8355b55c80ac3e04885d72db515817d9fbb0def3bab936bba104e99ad22cf46"},
    {file = "msgspec-0.18.6-cp38-cp38-musllinux_1_1_aarch64.whl", hash = "sha256:9080eb12b8f59e177bd1eb5c21e24dd2ba2fa88a1dbc9a98e05ad7779b54c681"},
    {file = "msgspec-0.18.6-cp38-cp38-musllinux_1_1_x86_64.whl", hash = "sha256:cc001cf39becf8d2dcd3f413a4797c55009b3a3cdbf78a8bf5a7ca8fdb76032c"},
    {file = "msgspec-0.18.6-cp38-cp38-win_amd64.whl", hash = "sha256:fac5834e14ac4da1fca373753e0c4ec9c8069d1fe5f534fa5208453b6065d5be"},
    {file = "msgspec-0.18.6-cp39-cp39-macosx_10_9_x86_64.whl", hash = "sha256:974d3520fcc6b824a6dedbdf2b411df31a73e6e7414301abac62e6b8d03791b4"},
    {file = "msgspec-0.18.6-cp39-cp39-macosx_11_0_arm64.whl", hash = "sha256:fd62e5818731a66aaa8e9b0a1e5543dc979a46278da01e85c3c9a1a4f047ef7e"},
    {file = "msgspec-0.18.6-cp39-cp39-manylinux_2_17_aarch64.manylinux2014_aarch64.whl", hash = "sha256:7481355a1adcf1f08dedd9311193c674ffb8bf7b79314b4314752b89a2cf7f1c"},
    {file = "msgspec-0.18.6-cp39-cp39-manylinux_2_17_x86_64.manylinux2014_x86_64.whl", hash = "sha256:6aa85198f8f154cf35d6f979998f6dadd3dc46a8a8c714632f53f5d65b315c07"},
    {file = "msgspec-0.18.6-cp39-cp39-musllinux_1_1_aarch64.whl", hash = "sha256:0e24539b25c85c8f0597274f11061c102ad6b0c56af053373ba4629772b407be"},
    {file = "msgspec-0.18.6-cp39-cp39-musllinux_1_1_x86_64.whl", hash = "sha256:c61ee4d3be03ea9cd089f7c8e36158786cd06e51fbb62529276452bbf2d52ece"},
    {file = "msgspec-0.18.6-cp39-cp39-win_amd64.whl", hash = "sha256:b5c390b0b0b7da879520d4ae26044d74aeee5144f83087eb7842ba59c02bc090"},
    {file = "msgspec-0.18.6.tar.gz", hash = "sha256:a59fc3b4fcdb972d09138cb516dbde600c99d07c38fd9372a6ef500d2d031b4e"},
]

[package.extras]
dev = ["attrs", "coverage", "furo", "gcovr", "ipython", "msgpack", "mypy", "pre-commit", "pyright", "pytest", "pyyaml", "sphinx", "sphinx-copybutton", "sphinx-design", "tomli ; python_version < \"3.11\"", "tomli-w"]
doc = ["furo", "ipython", "sphinx", "sphinx-copybutton", "sphinx-design"]
test = ["attrs", "msgpack", "mypy", "pyright", "pytest", "pyyaml", "tomli ; python_version < \"3.11\"", "tomli-w"]
toml = ["tomli ; python_version < \"3.11\"", "tomli-w"]
yaml = ["pyyaml"]

[[package]]
name = "neo4j"
version = "5.28.1"
description = "Neo4j Bolt driver for Python"
optional = false
python-versions = ">=3.7"
groups = ["main"]
files = [
    {file = "neo4j-5.28.1-py3-none-any.whl", hash = "sha256:6755ef9e5f4e14b403aef1138fb6315b120631a0075c138b5ddb2a06b87b09fd"},
    {file = "neo4j-5.28.1.tar.gz", hash = "sha256:ae8e37a1d895099062c75bc359b2cce62099baac7be768d0eba7180c1298e214"},
]

[package.dependencies]
pytz = "*"

[package.extras]
numpy = ["numpy (>=1.7.0,<3.0.0)"]
pandas = ["numpy (>=1.7.0,<3.0.0)", "pandas (>=1.1.0,<3.0.0)"]
pyarrow = ["pyarrow (>=1.0.0)"]

[[package]]
name = "neo4j-adapter"
version = "0.1.1"
description = "Database adapter for Neo4j client"
optional = false
python-versions = "^3.12"
groups = ["main"]
files = []
develop = true

[package.source]
type = "directory"
url = "neo4j_adapter"

[[package]]
name = "nodeenv"
version = "1.9.1"
description = "Node.js virtual environment builder"
optional = false
python-versions = "!=3.0.*,!=3.1.*,!=3.2.*,!=3.3.*,!=3.4.*,!=3.5.*,!=3.6.*,>=2.7"
groups = ["main"]
files = [
    {file = "nodeenv-1.9.1-py2.py3-none-any.whl", hash = "sha256:ba11c9782d29c27c70ffbdda2d7415098754709be8a7056d79a737cd901155c9"},
    {file = "nodeenv-1.9.1.tar.gz", hash = "sha256:6ec12890a2dab7946721edbfbcd91f3319c6ccc9aec47be7c7e6b7011ee6645f"},
]

[[package]]
name = "packaging"
version = "24.2"
description = "Core utilities for Python packages"
optional = false
python-versions = ">=3.8"
groups = ["main"]
files = [
    {file = "packaging-24.2-py3-none-any.whl", hash = "sha256:09abb1bccd265c01f4a3aa3f7a7db064b36514d2cba19a2f694fe6150451a759"},
    {file = "packaging-24.2.tar.gz", hash = "sha256:c228a6dc5e932d346bc5739379109d49e8853dd8223571c7c5b55260edc0b97f"},
]

[[package]]
name = "pyright"
version = "1.1.394"
description = "Command line wrapper for pyright"
optional = false
python-versions = ">=3.7"
groups = ["main"]
files = [
    {file = "pyright-1.1.394-py3-none-any.whl", hash = "sha256:5f74cce0a795a295fb768759bbeeec62561215dea657edcaab48a932b031ddbb"},
    {file = "pyright-1.1.394.tar.gz", hash = "sha256:56f2a3ab88c5214a451eb71d8f2792b7700434f841ea219119ade7f42ca93608"},
]

[package.dependencies]
nodeenv = ">=1.6.0"
typing-extensions = ">=4.1"

[package.extras]
all = ["nodejs-wheel-binaries", "twine (>=3.4.1)"]
dev = ["twine (>=3.4.1)"]
nodejs = ["nodejs-wheel-binaries"]

[[package]]
name = "pytz"
version = "2025.1"
description = "World timezone definitions, modern and historical"
optional = false
python-versions = "*"
groups = ["main"]
files = [
    {file = "pytz-2025.1-py2.py3-none-any.whl", hash = "sha256:89dd22dca55b46eac6eda23b2d72721bf1bdfef212645d81513ef5d03038de57"},
    {file = "pytz-2025.1.tar.gz", hash = "sha256:c2db42be2a2518b28e65f9207c4d05e6ff547d1efa4086469ef855e4ab70178e"},
]

[[package]]
name = "pyyaml"
version = "6.0.3"
description = "YAML parser and emitter for Python"
optional = false
python-versions = ">=3.8"
groups = ["main"]
files = [
    {file = "PyYAML-6.0.3-cp38-cp38-macosx_10_13_x86_64.whl", hash = "sha256:c2514fceb77bc5e7a2f7adfaa1feb2fb311607c9cb518dbc378688ec73d8292f"},
    {file = "PyYAML-6.0.3-cp38-cp38-manylinux2014_aarch64.manylinux_2_17_aarch64.manylinux_2_28_aarch64.whl", hash = "sha256:9c57bb8c96f6d1808c030b1687b9b5fb476abaa47f0db9c0101f5e9f394e97f4"},
    {file = "PyYAML-6.0.3-cp38-cp38-manylinux2014_s390x.manylinux_2_17_s390x.manylinux_2_28_s390x.whl", hash = "sha256:efd7b85f94a6f21e4932043973a7ba2613b059c4a000551892ac9f1d11f5baf3"},
    {file = "PyYAML-6.0.3-cp38-cp38-manylinux2014_x86_64.manylinux_2_17_x86_64.manylinux_2_28_x86_64.whl", hash = "sha256:22ba7cfcad58ef3ecddc7ed1db3409af68d023b7f940da23c6c2a1890976eda6"},
    {file = "PyYAML-6.0.3-cp38-cp38-musllinux_1_2_x86_64.whl", hash = "sha256:6344df0d5755a2c9a276d4473ae6b90647e216ab4757f8426893b5dd2ac3f369"},
    {file = "PyYAML-6.0.3-cp38-cp38-win32.whl", hash = "sha256:3ff07ec89bae51176c0549bc4c63aa6202991da2d9a6129d7aef7f1407d3f295"},
    {file = "PyYAML-6.0.3-cp38-cp38-win_amd64.whl", hash = "sha256:5cf4e27da7e3fbed4d6c3d8e797387aaad68102272f8f9752883bc32d61cb87b"},
    {file = "pyyaml-6.0.3-cp310-cp310-macosx_10_13_x86_64.whl", hash = "sha256:214ed4befebe12df36bcc8bc2b64b396ca31be9304b8f59e25c11cf94a4c033b"},
    {file = "pyyaml-6.0.3-cp310-cp310-macosx_11_0_arm64.whl", hash = "sha256:02ea2dfa234451bbb8772601d7b8e426c2bfa197136796224e50e35a78777956"},
    {file = "pyyaml-6.0.3-cp310-cp310-manylinux2014_aarch64.manylinux_2_17_aarch64.manylinux_2_28_aarch64.whl", hash = "sha256:b30236e45cf30d2b8e7b3e85881719e98507abed1011bf463a8fa23e9c3e98a8"},
    {file = "pyyaml-6.0.3-cp310-cp310-manylinux2014_s390x.manylinux_2_17_s390x.manylinux_2_28_s390x.whl", hash = "sha256:66291b10affd76d76f54fad28e22e51719ef9ba22b29e1d7d03d6777a9174198"},
    {file = "pyyaml-6.0.3-cp310-cp310-manylinux2014_x86_64.manylinux_2_17_x86_64.manylinux_2_28_x86_64.whl", hash = "sha256:9c7708761fccb9397fe64bbc0395abcae8c4bf7b0eac081e12b809bf47700d0b"},
    {file = "pyyaml-6.0.3-cp310-cp310-musllinux_1_2_aarch64.whl", hash = "sha256:418cf3f2111bc80e0933b2cd8cd04f286338bb88bdc7bc8e6dd775ebde60b5e0"},
    {file = "pyyaml-6.0.3-cp310-cp310-musllinux_1_2_x86_64.whl", hash = "sha256:5e0b74767e5f8c593e8c9b5912019159ed0533c70051e9cce3e8b6aa699fcd69"},
    {file = "pyyaml-6.0.3-cp310-cp310-win32.whl", hash = "sha256:28c8d926f98f432f88adc23edf2e6d4921ac26fb084b028c733d01868d19007e"},
    {file = "pyyaml-6.0.3-cp310-cp310-win_amd64.whl", hash = "sha256:bdb2c67c6c1390b63c6ff89f210c8fd09d9a1217a465701eac7316313c915e4c"},
    {file = "pyyaml-6.0.3-cp311-cp311-macosx_10_13_x86_64.whl", hash = "sha256:44edc647873928551a01e7a563d7452ccdebee747728c1080d881d68af7b997e"},
    {file = "pyyaml-6.0.3-cp311-cp311-macosx_11_0_arm64.whl", hash = "sha256:652cb6edd41e718550aad172851962662ff2681490a8a711af6a4d288dd96824"},
    {file = "pyyaml-6.0.3-cp311-cp311-manylinux2014_aarch64.manylinux_2_17_aarch64.manylinux_2_28_aarch64.whl", hash = "sha256:10892704fc220243f5305762e276552a0395f7beb4dbf9b14ec8fd43b57f126c"},
    {file = "pyyaml-6.0.3-cp311-cp311-manylinux2014_s390x.manylinux_2_17_s390x.manylinux_2_28_s390x.whl", hash = "sha256:850774a7879607d3a6f50d36d04f00ee69e7fc816450e5f7e58d7f17f1ae5c00"},
    {file = "pyyaml-6.0.3-cp311-cp311-manylinux2014_x86_64.manylinux_2_17_x86_64.manylinux_2_28_x86_64.whl", hash = "sha256:b8bb0864c5a28024fac8a632c443c87c5aa6f215c0b126c449ae1a150412f31d"},
    {file = "pyyaml-6.0.3-cp311-cp311-musllinux_1_2_aarch64.whl", hash = "sha256:1d37d57ad971609cf3c53ba6a7e365e40660e3be0e5175fa9f2365a379d6095a"},
    {file = "pyyaml-6.0.3-cp311-cp311-musllinux_1_2_x86_64.whl", hash = "sha256:37503bfbfc9d2c40b344d06b2199cf0e96e97957ab1c1b546fd4f87e53e5d3e4"},
    {file = "pyyaml-6.0.3-cp311-cp311-win32.whl", hash = "sha256:8098f252adfa6c80ab48096053f512f2321f0b998f98150cea9bd23d83e1467b"},
    {file = "pyyaml-6.0.3-cp311-cp311-win_amd64.whl", hash = "sha256:9f3bfb4965eb874431221a3ff3fdcddc7e74e3b07799e0e84ca4a0f867d449bf"},
    {file = "pyyaml-6.0.3-cp312-cp312-macosx_10_13_x86_64.whl", hash = "sha256:7f047e29dcae44602496db43be01ad42fc6f1cc0d8cd6c83d342306c32270196"},
    {file = "pyyaml-6.0.3-cp312-cp312-macosx_11_0_arm64.whl", hash = "sha256:fc09d0aa354569bc501d4e787133afc08552722d3ab34836a80547331bb5d4a0"},
    {file = "pyyaml-6.0.3-cp312-cp312-manylinux2014_aarch64.manylinux_2_17_aarch64.manylinux_2_28_aarch64.whl", hash = "sha256:9149cad251584d5fb4981be1ecde53a1ca46c891a79788c0df828d2f166bda28"},
    {file = "pyyaml-6.0.3-cp312-cp312-manylinux2014_s390x.manylinux_2_17_s390x.manylinux_2_28_s390x.whl", hash = "sha256:5fdec68f91a0c6739b380c83b951e2c72ac0197ace422360e6d5a959d8d97b2c"},
    {file = "pyyaml-6.0.3-cp312-cp312-manylinux2014_x86_64.manylinux_2_17_x86_64.manylinux_2_28_x86_64.whl", hash = "sha256:ba1cc08a7ccde2d2ec775841541641e4548226580ab850948cbfda66a1befcdc"},
    {file = "pyyaml-6.0.3-cp312-cp312-musllinux_1_2_aarch64.whl", hash = "sha256:8dc52c23056b9ddd46818a57b78404882310fb473d63f17b07d5c40421e47f8e"},
    {file = "pyyaml-6.0.3-cp312-cp312-musllinux_1_2_x86_64.whl", hash = "sha256:41715c910c881bc081f1e8872880d3c650acf13dfa8214bad49ed4cede7c34ea"},
    {file = "pyyaml-6.0.3-cp312-cp312-win32.whl", hash = "sha256:96b533f0e99f6579b3d4d4995707cf36df9100d67e0c8303a0c55b27b5f99bc5"},
    {file = "pyyaml-6.0.3-cp312-cp312-win_amd64.whl", hash = "sha256:5fcd34e47f6e0b794d17de1b4ff496c00986e1c83f7ab2fb8fcfe9616ff7477b"},
    {file = "pyyaml-6.0.3-cp312-cp312-win_arm64.whl", hash = "sha256:64386e5e707d03a7e172c0701abfb7e10f0fb753ee1d773128192742712a98fd"},
    {file = "pyyaml-6.0.3-cp313-cp313-macosx_10_13_x86_64.whl", hash = "sha256:8da9669d359f02c0b91ccc01cac4a67f16afec0dac22c2ad09f46bee0697eba8"},
    {file = "pyyaml-6.0.3-cp313-cp313-macosx_11_0_arm64.whl", hash = "sha256:2283a07e2c21a2aa78d9c4442724ec1eb15f5e42a723b99cb3d822d48f5f7ad1"},
    {file = "pyyaml-6.0.3-cp313-cp313-manylinux2014_aarch64.manylinux_2_17_aarch64.manylinux_2_28_aarch64.whl", hash = "sha256:ee2922902c45ae8ccada2c5b501ab86c36525b883eff4255313a253a3160861c"},
    {file = "pyyaml-6.0.3-cp313-cp313-manylinux2014_s390x.manylinux_2_17_s390x.manylinux_2_28_s390x.whl", hash = "sha256:a33284e20b78bd4a18c8c2282d549d10bc8408a2a7ff57653c0cf0b9be0afce5"},
    {file = "pyyaml-6.0.3-cp313-cp313-manylinux2014_x86_64.manylinux_2_17_x86_64.manylinux_2_28_x86_64.whl", hash = "sha256:0f29edc409a6392443abf94b9cf89ce99889a1dd5376d94316ae5145dfedd5d6"},
    {file = "pyyaml-6.0.3-cp313-cp313-musllinux_1_2_aarch64.whl", hash = "sha256:f7057c9a337546edc7973c0d3ba84ddcdf0daa14533c2065749c9075001090e6"},
    {file = "pyyaml-6.0.3-cp313-cp313-musllinux_1_2_x86_64.whl", hash = "sha256:eda16858a3cab07b80edaf74336ece1f986ba330fdb8ee0d6c0d68fe82bc96be"},
    {file = "pyyaml-6.0.3-cp313-cp313-win32.whl", hash = "sha256:d0eae10f8159e8fdad514efdc92d74fd8d682c933a6dd088030f3834bc8e6b26"},
    {file = "pyyaml-6.0.3-cp313-cp313-win_amd64.whl", hash = "sha256:79005a0d97d5ddabfeeea4cf676af11e647e41d81c9a7722a193022accdb6b7c"},
    {file = "pyyaml-6.0.3-cp313-cp313-win_arm64.whl", hash = "sha256:5498cd1645aa724a7c71c8f378eb29ebe23da2fc0d7a08071d89469bf1d2defb"},
    {file = "pyyaml-6.0.3-cp314-cp314-macosx_10_13_x86_64.whl", hash = "sha256:8d1fab6bb153a416f9aeb4b8763bc0f22a5586065f86f7664fc23339fc1c1fac"},
    {file = "pyyaml-6.0.3-cp314-cp314-macosx_11_0_arm64.whl", hash = "sha256:34d5fcd24b8445fadc33f9cf348c1047101756fd760b4dacb5c3e99755703310"},
    {file = "pyyaml-6.0.3-cp314-cp314-manylinux2014_aarch64.manylinux_2_17_aarch64.manylinux_2_28_aarch64.whl", hash = "sha256:501a031947e3a9025ed4405a168e6ef5ae3126c59f90ce0cd6f2bfc477be31b7"},
    {file = "pyyaml-6.0.3-cp314-cp314-manylinux2014_s390x.manylinux_2_17_s390x.manylinux_2_28_s390x.whl", hash = "sha256:b3bc83488de33889877a0f2543ade9f70c67d66d9ebb4ac959502e12de895788"},
    {file = "pyyaml-6.0.3-cp314-cp314-manylinux2014_x86_64.manylinux_2_17_x86_64.manylinux_2_28_x86_64.whl", hash = "sha256:c458b6d084f9b935061bc36216e8a69a7e293a2f1e68bf956dcd9e6cbcd143f5"},
    {file = "pyyaml-6.0.3-cp314-cp314-musllinux_1_2_aarch64.whl", hash = "sha256:7c6610def4f163542a622a73fb39f534f8c101d690126992300bf3207eab9764"},
    {file = "pyyaml-6.0.3-cp314-cp314-musllinux_1_2_x86_64.whl", hash = "sha256:5190d403f121660ce8d1d2c1bb2ef1bd05b5f68533fc5c2ea899bd15f4399b35"},
    {file = "pyyaml-6.0.3-cp314-cp314-win_amd64.whl", hash = "sha256:4a2e8cebe2ff6ab7d1050ecd59c25d4c8bd7e6f400f5f82b96557ac0abafd0ac"},
    {file = "pyyaml-6.0.3-cp314-cp314-win_arm64.whl", hash = "sha256:93dda82c9c22deb0a405ea4dc5f2d0cda384168e466364dec6255b293923b2f3"},
    {file = "pyyaml-6.0.3-cp314-cp314t-macosx_10_13_x86_64.whl", hash = "sha256:02893d100e99e03eda1c8fd5c441d8c60103fd175728e23e431db1b589cf5ab3"},
    {file = "pyyaml-6.0.3-cp314-cp314t-macosx_11_0_arm64.whl", hash = "sha256:c1ff362665ae507275af2853520967820d9124984e0f7466736aea23d8611fba"},
    {file = "pyyaml-6.0.3-cp314-cp314t-manylinux2014_aarch64.manylinux_2_17_aarch64.manylinux_2_28_aarch64.whl", hash = "sha256:6adc77889b628398debc7b65c073bcb99c4a0237b248cacaf3fe8a557563ef6c"},
    {file = "pyyaml-6.0.3-cp314-cp314t-manylinux2014_s390x.manylinux_2_17_s390x.manylinux_2_28_s390x.whl", hash = "sha256:a80cb027f6b349846a3bf6d73b5e95e782175e52f22108cfa17876aaeff93702"},
    {file = "pyyaml-6.0.3-cp314-cp314t-manylinux2014_x86_64.manylinux_2_17_x86_64.manylinux_2_28_x86_64.whl", hash = "sha256:00c4bdeba853cc34e7dd471f16b4114f4162dc03e6b7afcc2128711f0eca823c"},
    {file = "pyyaml-6.0.3-cp314-cp314t-musllinux_1_2_aarch64.whl", hash = "sha256:66e1674c3ef6f541c35191caae2d429b967b99e02040f5ba928632d9a7f0f065"},
    {file = "pyyaml-6.0.3-cp314-cp314t-musllinux_1_2_x86_64.whl", hash = "sha256:16249ee61e95f858e83976573de0f5b2893b3677ba71c9dd36b9cf8be9ac6d65"},
    {file = "pyyaml-6.0.3-cp314-cp314t-win_amd64.whl", hash = "sha256:4ad1906908f2f5ae4e5a8ddfce73c320c2a1429ec52eafd27138b7f1cbe341c9"},
    {file = "pyyaml-6.0.3-cp314-cp314t-win_arm64.whl", hash = "sha256:ebc55a14a21cb14062aa4162f906cd962b28e2e9ea38f9b4391244cd8de4ae0b"},
    {file = "pyyaml-6.0.3-cp39-cp39-macosx_10_13_x86_64.whl", hash = "sha256:b865addae83924361678b652338317d1bd7e79b1f4596f96b96c77a5a34b34da"},
    {file = "pyyaml-6.0.3-cp39-cp39-macosx_11_0_arm64.whl", hash = "sha256:c3355370a2c156cffb25e876646f149d5d68f5e0a3ce86a5084dd0b64a994917"},
    {file = "pyyaml-6.0.3-cp39-cp39-manylinux2014_aarch64.manylinux_2_17_aarch64.manylinux_2_28_aarch64.whl", hash = "sha256:3c5677e12444c15717b902a5798264fa7909e41153cdf9ef7ad571b704a63dd9"},
    {file = "pyyaml-6.0.3-cp39-cp39-manylinux2014_s390x.manylinux_2_17_s390x.manylinux_2_28_s390x.whl", hash = "sha256:5ed875a24292240029e4483f9d4a4b8a1ae08843b9c54f43fcc11e404532a8a5"},
    {file = "pyyaml-6.0.3-cp39-cp39-manylinux2014_x86_64.manylinux_2_17_x86_64.manylinux_2_28_x86_64.whl", hash = "sha256:0150219816b6a1fa26fb4699fb7daa9caf09eb1999f3b70fb6e786805e80375a"},
    {file = "pyyaml-6.0.3-cp39-cp39-musllinux_1_2_aarch64.whl", hash = "sha256:fa160448684b4e94d80416c0fa4aac48967a969efe22931448d853ada8baf926"},
    {file = "pyyaml-6.0.3-cp39-cp39-musllinux_1_2_x86_64.whl", hash = "sha256:27c0abcb4a5dac13684a37f76e701e054692a9b2d3064b70f5e4eb54810553d7"},
    {file = "pyyaml-6.0.3-cp39-cp39-win32.whl", hash = "sha256:1ebe39cb5fc479422b83de611d14e2c0d3bb2a18bbcb01f229ab3cfbd8fee7a0"},
    {file = "pyyaml-6.0.3-cp39-cp39-win_amd64.whl", hash = "sha256:2e71d11abed7344e42a8849600193d15b6def118602c4c176f748e4583246007"},
    {file = "pyyaml-6.0.3.tar.gz", hash = "sha256:d76623373421df22fb4cf8817020cbb7ef15c725b9d5e45f17e189bfc384190f"},
]

[[package]]
name = "ruff"
version = "0.9.6"
description = "An extremely fast Python linter and code formatter, written in Rust."
optional = false
python-versions = ">=3.7"
groups = ["dev"]
files = [
    {file = "ruff-0.9.6-py3-none-linux_armv6l.whl", hash = "sha256:2f218f356dd2d995839f1941322ff021c72a492c470f0b26a34f844c29cdf5ba"},
    {file = "ruff-0.9.6-py3-none-macosx_10_12_x86_64.whl", hash = "sha256:b908ff4df65dad7b251c9968a2e4560836d8f5487c2f0cc238321ed951ea0504"},
    {file = "ruff-0.9.6-py3-none-macosx_11_0_arm64.whl", hash = "sha256:b109c0ad2ececf42e75fa99dc4043ff72a357436bb171900714a9ea581ddef83"},
    {file = "ruff-0.9.6-py3-none-manylinux_2_17_aarch64.manylinux2014_aarch64.whl", hash = "sha256:1de4367cca3dac99bcbd15c161404e849bb0bfd543664db39232648dc00112dc"},
    {file = "ruff-0.9.6-py3-none-manylinux_2_17_armv7l.manylinux2014_armv7l.whl", hash = "sha256:ac3ee4d7c2c92ddfdaedf0bf31b2b176fa7aa8950efc454628d477394d35638b"},
    {file = "ruff-0.9.6-py3-none-manylinux_2_17_i686.manylinux2014_i686.whl", hash = "sha256:5dc1edd1775270e6aa2386119aea692039781429f0be1e0949ea5884e011aa8e"},
    {file = "ruff-0.9.6-py3-none-manylinux_2_17_ppc64.manylinux2014_ppc64.whl", hash = "sha256:4a091729086dffa4bd070aa5dab7e39cc6b9d62eb2bef8f3d91172d30d599666"},
    {file = "ruff-0.9.6-py3-none-manylinux_2_17_ppc64le.manylinux2014_ppc64le.whl", hash = "sha256:d1bbc6808bf7b15796cef0815e1dfb796fbd383e7dbd4334709642649625e7c5"},
    {file = "ruff-0.9.6-py3-none-manylinux_2_17_s390x.manylinux2014_s390x.whl", hash = "sha256:589d1d9f25b5754ff230dce914a174a7c951a85a4e9270613a2b74231fdac2f5"},
    {file = "ruff-0.9.6-py3-none-manylinux_2_17_x86_64.manylinux2014_x86_64.whl", hash = "sha256:dc61dd5131742e21103fbbdcad683a8813be0e3c204472d520d9a5021ca8b217"},
    {file = "ruff-0.9.6-py3-none-musllinux_1_2_aarch64.whl", hash = "sha256:5e2d9126161d0357e5c8f30b0bd6168d2c3872372f14481136d13de9937f79b6"},
    {file = "ruff-0.9.6-py3-none-musllinux_1_2_armv7l.whl", hash = "sha256:68660eab1a8e65babb5229a1f97b46e3120923757a68b5413d8561f8a85d4897"},
    {file = "ruff-0.9.6-py3-none-musllinux_1_2_i686.whl", hash = "sha256:c4cae6c4cc7b9b4017c71114115db0445b00a16de3bcde0946273e8392856f08"},
    {file = "ruff-0.9.6-py3-none-musllinux_1_2_x86_64.whl", hash = "sha256:19f505b643228b417c1111a2a536424ddde0db4ef9023b9e04a46ed8a1cb4656"},
    {file = "ruff-0.9.6-py3-none-win32.whl", hash = "sha256:194d8402bceef1b31164909540a597e0d913c0e4952015a5b40e28c146121b5d"},
    {file = "ruff-0.9.6-py3-none-win_amd64.whl", hash = "sha256:03482d5c09d90d4ee3f40d97578423698ad895c87314c4de39ed2af945633caa"},
    {file = "ruff-0.9.6-py3-none-win_arm64.whl", hash = "sha256:0e2bb706a2be7ddfea4a4af918562fdc1bcb16df255e5fa595bbd800ce322a5a"},
    {file = "ruff-0.9.6.tar.gz", hash = "sha256:81761592f72b620ec8fa1068a6fd00e98a5ebee342a3642efd84454f3031dca9"},
]

[[package]]
name = "sqlparse"
version = "0.5.3"
description = "A non-validating SQL parser."
optional = false
python-versions = ">=3.8"
groups = ["main"]
files = [
    {file = "sqlparse-0.5.3-py3-none-any.whl", hash = "sha256:cf2196ed3418f3ba5de6af7e82c694a9fbdbfecccdfc72e281548517081f16ca"},
    {file = "sqlparse-0.5.3.tar.gz", hash = "sha256:09f67787f56a0b16ecdbde1bfc7f5d9c3371ca683cfeaa8e6ff60b4807ec9272"},
]

[package.extras]
dev = ["build", "hatch"]
doc = ["sphinx"]

[[package]]
name = "structlog"
version = "24.4.0"
description = "Structured Logging for Python"
optional = false
python-versions = ">=3.8"
groups = ["main"]
files = [
    {file = "structlog-24.4.0-py3-none-any.whl", hash = "sha256:597f61e80a91cc0749a9fd2a098ed76715a1c8a01f73e336b746504d1aad7610"},
    {file = "structlog-24.4.0.tar.gz", hash = "sha256:b27bfecede327a6d2da5fbc96bd859f114ecc398a6389d664f62085ee7ae6fc4"},
]

[package.extras]
dev = ["freezegun (>=0.2.8)", "mypy (>=1.4)", "pretend", "pytest (>=6.0)", "pytest-asyncio (>=0.17)", "rich", "simplejson", "twisted"]
docs = ["cogapp", "furo", "myst-parser", "sphinx", "sphinx-notfound-page", "sphinxcontrib-mermaid", "sphinxext-opengraph", "twisted"]
tests = ["freezegun (>=0.2.8)", "pretend", "pytest (>=6.0)", "pytest-asyncio (>=0.17)", "simplejson"]
typing = ["mypy (>=1.4)", "rich", "twisted"]

[[package]]
name = "types-pyyaml"
version = "6.0.12.20241230"
description = "Typing stubs for PyYAML"
optional = false
python-versions = ">=3.8"
groups = ["main"]
files = [
    {file = "types_PyYAML-6.0.12.20241230-py3-none-any.whl", hash = "sha256:fa4d32565219b68e6dee5f67534c722e53c00d1cfc09c435ef04d7353e1e96e6"},
    {file = "types_pyyaml-6.0.12.20241230.tar.gz", hash = "sha256:7f07622dbd34bb9c8b264fe860a17e0efcad00d50b5f27e93984909d9363498c"},
]

[[package]]
name = "typing-extensions"
version = "4.12.2"
description = "Backported and Experimental Type Hints for Python 3.8+"
optional = false
python-versions = ">=3.8"
groups = ["main"]
files = [
    {file = "typing_extensions-4.12.2-py3-none-any.whl", hash = "sha256:04e5ca0351e0f3f85c6853954072df659d0d13fac324d0072316b67d7794700d"},
    {file = "typing_extensions-4.12.2.tar.gz", hash = "sha256:1a7ead55c7e559dd4dee8856e3a88b41225abfe1ce8df57b7c13915fe121ffb8"},
]

[[package]]
name = "tzdata"
version = "2025.1"
description = "Provider of IANA time zone data"
optional = false
python-versions = ">=2"
groups = ["main"]
markers = "sys_platform == \"win32\""
files = [
    {file = "tzdata-2025.1-py2.py3-none-any.whl", hash = "sha256:7e127113816800496f027041c570f50bcd464a020098a3b6b199517772303639"},
    {file = "tzdata-2025.1.tar.gz", hash = "sha256:24894909e88cdb28bd1636c6887801df64cb485bd593f2fd83ef29075a81d694"},
]

[metadata]
lock-version = "2.1"
python-versions = "^3.12"
content-hash = "6edac71e89c4fea7fc931a302995c59b26cd91d6f4e6209633b4537df9a2fb31"
